github.com/cihub/seelog v0.0.0-20170130134532-f561c5e57575 h1:kHaBemcxl8o/pQ5VM1c8PVE1PubbNx3mjUr09OqWGCs=
github.com/cihub/seelog v0.0.0-20170130134532-f561c5e57575/go.mod h1:9d6lWj8KzO/fd/NrVaLscBKmPigpZpn5YawRPw+e3Yo=
github.com/garyburd/redigo v1.6.0 h1:0VruCpn7yAIIu7pWVClQC8wxCJEcG3nyzpMSHKi1PQc=
github.com/garyburd/redigo v1.6.0/go.mod h1:NR3MbYisc3/PwhQ00EMzDiPmrwpPxAn5GI05/YaO1SY=
github.com/gorilla/mux v1.7.0 h1:tOSd0UKHQd6urX6ApfOn4XdBMY6Sh1MfxV3kmaazO+U=
github.com/gorilla/mux v1.7.0/go.mod h1:1lud6UwP+6orDFRuTfBEV8e9/aOM/c4fVVCaMa2zaAs=
github.com/lib/pq v1.0.0 h1:X5PMW56eZitiTeO7tKzZxFCSpbFZJtkMMooicw2us9A=
github.com/lib/pq v1.0.0/go.mod h1:5WUZQaWbwv1U+lTReE5YruASi9Al49XbQIvNi/34Woo=
github.com/mattn/go-sqlite3 v1.10.0 h1:jbhqpg7tQe4SupckyijYiy0mJJ/pRyHvXf7JdWK860o=
github.com/mattn/go-sqlite3 v1.10.0/go.mod h1:FPy6KqzDD04eiIsT53CuJW3U88zkxoIYsOqkbpncsNc=
github.com/paulmach/orb v0.1.3 h1:Wa1nzU269Zv7V9paVEY1COWW8FCqv4PC/KJRbJSimpM=
github.com/paulmach/orb v0.1.3/go.mod h1:VFlX/8C+IQ1p6FTRRKzKoOPJnvEtA5G0Veuqwbu//Vk=
github.com/pelletier/go-toml v1.2.0 h1:T5zMGML61Wp+FlcbWjRDT7yAxhJNAiPPLOFECq181zc=
github.com/pelletier/go-toml v1.2.0/go.mod h1:5z9KED0ma1S8pY6P1sdut58dfprrGBbd/94hg7ilaic=
github.com/sjsafranek/goutils v0.0.0-20190108172854-e5d925dd472c h1:xeKvdOoGPKet2vd27ECyorugGjRJOt+MaG0TmkmnYLs=
github.com/sjsafranek/goutils v0.0.0-20190108172854-e5d925dd472c/go.mod h1:HGwgesTvGpGo36VGEtcembOMJQDAL9SGcbpAtwK7lUg=
github.com/sjsafranek/ligneous v0.0.0-20180726190851-ecdce0f707b1 h1:fMlTzjLj8EJDVpJIn0QZHFTvqstgFxSHxWYigQLqiHk=
github.com/sjsafranek/ligneous v0.0.0-20180726190851-ecdce0f707b1/go.mod h1:zAuBqHJOHRFknqrzSnBcyo8br2jVVnZDHkUyOZRaH2I=
